{
  "name": "directus-extension-portal-editorial",
  "version": "1.0.0",
  "lockfileVersion": 3,
  "requires": true,
  "packages": {
    "": {
      "name": "directus-extension-portal-editorial",
      "version": "1.0.0",
      "dependencies": {
        "@directus/errors": "2.3.1"
      }
    },
    "node_modules/@directus/errors": {
      "version": "2.3.1",
      "resolved": "https://registry.npmjs.org/@directus/errors/-/errors-2.3.1.tgz",
      "integrity": "sha512-lTFCIBRirQa7gH1Nr6EpNiM0cFeIUMfBMrRzGDmgCqe56MnQ6+ZG0f7czY35+5uCKeIsLcrOVVv7NM3XGBQZ9w==",
      "license": "MIT",
      "dependencies": {
        "@directus/storage": "12.0.4",
        "ms": "2.1.3"
      },
      "funding": {
        "url": "https://github.com/directus/directus?sponsor=1"
      }
    },
    "node_modules/@directus/storage": {
      "version": "12.0.4",
      "resolved": "https://registry.npmjs.org/@directus/storage/-/storage-12.0.4.tgz",
      "integrity": "sha512-dfM1o0PKHIJV81vGRnvzLPl/YlAO+3vTcpY6eGXxYZ094Uiz52BzJCofmAf6LjWt7d8ydEVDxKG0trSaRFAkCw==",
      "license": "BUSL-1.1",
      "funding": {
        "url": "https://github.com/directus/directus?sponsor=1"
      }
    },
    "node_modules/ms": {
      "version": "2.1.3",
      "resolved": "https://registry.npmjs.org/ms/-/ms-2.1.3.tgz",
      "integrity": "sha512-6FlzubTLZG3J2a/NVCAleEhjzq5oxgHyaCU9yYXvcLsvoVaHJq/s5xXI6/XXP6tz7R9xAOtHnSO/tXtF3WRTlA==",
      "license": "MIT"
    }
  }
}
